dependencies:
- name: postgresql
  repository: oci://registry-1.docker.io/bitnamicharts
  version: 11.9.13
- name: mongodb
  repository: https://charts.bitnami.com/bitnami
  version: 13.9.4
digest: sha256:958ab433a4b6ec121163300a2246bbafe5d1d44090c525742209832f0a80f6b7
generated: "2026-04-02T19:55:51.001665-07:00"
